{
  "version": 1,
  "dependencies": {
    "net10.0": {
      "FastEndpoints": {
        "type": "Direct",
        "requested": "[7.0.1, )",
        "resolved": "7.0.1",
        "contentHash": "UOCLrptt8AQP3W969Q74LZ8XnGg64033TBw59DNC9e/mTCKyilofPWo9yWjiPnwtIru0k3+0QAXko+JDTjaOMA==",
        "dependencies": {
          "FastEndpoints.Attributes": "7.0.1",
          "FastEndpoints.Messaging.Core": "7.0.1",
          "FluentValidation": "12.0.0"
        }
      },
      "FastEndpoints.Attributes": {
        "type": "Transitive",
        "resolved": "7.0.1",
        "contentHash": "YPBP+5LuMWnSK/VEJfp1Ui8Jjehvx2LxZlylC9WIdHc/PfUfHTwP7j93haYNZt2RQElxM/fOYSi/MzOFC1d8/g=="
      },
      "FastEndpoints.Messaging.Core": {
        "type": "Transitive",
        "resolved": "7.0.1",
        "contentHash": "JqC1nc2D7w/Opc3rqXCrGr8qds1TRU386O7s2E+g+/D5Od2WhRsfTIQf+gvqVDXgKSTtvXnMpPQCdJnpPaqK9A=="
      },
      "FluentValidation": {
        "type": "Transitive",
        "resolved": "12.0.0",
        "contentHash": "8NVLxtMUXynRHJIX3Hn1ACovaqZIJASufXIIFkD0EUbcd5PmMsL1xUD5h548gCezJ5BzlITaR9CAMrGe29aWpA=="
      },
      "Microsoft.Bcl.HashCode": {
        "type": "Transitive",
        "resolved": "6.0.0",
        "contentHash": "GI4jcoi6eC9ZhNOQylIBaWOQjyGaR8T6N3tC1u8p3EXfndLCVNNWa+Zp+ocjvvS3kNBN09Zma2HXL0ezO0dRfw=="
      },
      "offside": {
        "type": "Project",
        "dependencies": {
          "Microsoft.Bcl.HashCode": "[6.0.0, )"
        }
      },
      "offside.aspnetcore": {
        "type": "Project",
        "dependencies": {
          "Offside": "[0.1.0, )"
        }
      },
      "offside.fluentvalidation": {
        "type": "Project",
        "dependencies": {
          "FluentValidation": "[11.11.0, )",
          "Offside": "[0.1.0, )"
        }
      }
    },
    "net8.0": {
      "FastEndpoints": {
        "type": "Direct",
        "requested": "[7.0.1, )",
        "resolved": "7.0.1",
        "contentHash": "UOCLrptt8AQP3W969Q74LZ8XnGg64033TBw59DNC9e/mTCKyilofPWo9yWjiPnwtIru0k3+0QAXko+JDTjaOMA==",
        "dependencies": {
          "FastEndpoints.Attributes": "7.0.1",
          "FastEndpoints.Messaging.Core": "7.0.1",
          "FluentValidation": "12.0.0"
        }
      },
      "FastEndpoints.Attributes": {
        "type": "Transitive",
        "resolved": "7.0.1",
        "contentHash": "YPBP+5LuMWnSK/VEJfp1Ui8Jjehvx2LxZlylC9WIdHc/PfUfHTwP7j93haYNZt2RQElxM/fOYSi/MzOFC1d8/g=="
      },
      "FastEndpoints.Messaging.Core": {
        "type": "Transitive",
        "resolved": "7.0.1",
        "contentHash": "JqC1nc2D7w/Opc3rqXCrGr8qds1TRU386O7s2E+g+/D5Od2WhRsfTIQf+gvqVDXgKSTtvXnMpPQCdJnpPaqK9A=="
      },
      "FluentValidation": {
        "type": "Transitive",
        "resolved": "12.0.0",
        "contentHash": "8NVLxtMUXynRHJIX3Hn1ACovaqZIJASufXIIFkD0EUbcd5PmMsL1xUD5h548gCezJ5BzlITaR9CAMrGe29aWpA=="
      },
      "Microsoft.Bcl.HashCode": {
        "type": "Transitive",
        "resolved": "6.0.0",
        "contentHash": "GI4jcoi6eC9ZhNOQylIBaWOQjyGaR8T6N3tC1u8p3EXfndLCVNNWa+Zp+ocjvvS3kNBN09Zma2HXL0ezO0dRfw=="
      },
      "offside": {
        "type": "Project",
        "dependencies": {
          "Microsoft.Bcl.HashCode": "[6.0.0, )"
        }
      },
      "offside.aspnetcore": {
        "type": "Project",
        "dependencies": {
          "Offside": "[0.1.0, )"
        }
      },
      "offside.fluentvalidation": {
        "type": "Project",
        "dependencies": {
          "FluentValidation": "[11.11.0, )",
          "Offside": "[0.1.0, )"
        }
      }
    }
  }
}