{
  "version": 1,
  "dependencies": {
    "net10.0": {
      "FluentValidation": {
        "type": "Direct",
        "requested": "[11.11.0, )",
        "resolved": "11.11.0",
        "contentHash": "cyIVdQBwSipxWG8MA3Rqox7iNbUNUTK5bfJi9tIdm4CAfH71Oo5ABLP4/QyrUwuakqpUEPGtE43BDddvEehuYw=="
      },
      "Microsoft.Bcl.HashCode": {
        "type": "Transitive",
        "resolved": "6.0.0",
        "contentHash": "GI4jcoi6eC9ZhNOQylIBaWOQjyGaR8T6N3tC1u8p3EXfndLCVNNWa+Zp+ocjvvS3kNBN09Zma2HXL0ezO0dRfw=="
      },
      "Microsoft.Extensions.DependencyInjection.Abstractions": {
        "type": "Transitive",
        "resolved": "8.0.2",
        "contentHash": "3iE7UF7MQkCv1cxzCahz+Y/guQbTqieyxyaWKhrRO91itI9cOKO76OHeQDahqG4MmW5umr3CcCvGmK92lWNlbg=="
      },
      "offside": {
        "type": "Project",
        "dependencies": {
          "Microsoft.Bcl.HashCode": "[6.0.0, )",
          "Microsoft.Extensions.DependencyInjection.Abstractions": "[8.0.2, )"
        }
      }
    }
  }
}